
Microsoft Visual Studio Solution File, Format Version 12.00
# Visual Studio Version 17
VisualStudioVersion = 17.6.33829.357
MinimumVisualStudioVersion = 10.0.40219.1
Project("{FAE04EC0-301F-11D3-BF4B-00C04F79EFBC}") = "lehuutin_b5", "lehuutin_b5.csproj", "{96EB8D80-CC29-4BFF-ADC1-F3327CC595AB}"
EndProject
Global
	GlobalSection(SolutionConfigurationPlatforms) = preSolution
		Debug|Any CPU = Debug|Any CPU
		Release|Any CPU = Release|Any CPU
	EndGlobalSection
	GlobalSection(ProjectConfigurationPlatforms) = postSolution
		{96EB8D80-CC29-4BFF-ADC1-F3327CC595AB}.Debug|Any CPU.ActiveCfg = Debug|Any CPU
		{96EB8D80-CC29-4BFF-ADC1-F3327CC595AB}.Debug|Any CPU.Build.0 = Debug|Any CPU
		{96EB8D80-CC29-4BFF-ADC1-F3327CC595AB}.Release|Any CPU.ActiveCfg = Release|Any CPU
		{96EB8D80-CC29-4BFF-ADC1-F3327CC595AB}.Release|Any CPU.Build.0 = Release|Any CPU
	EndGlobalSection
	GlobalSection(SolutionProperties) = preSolution
		HideSolutionNode = FALSE
	EndGlobalSection
	GlobalSection(ExtensibilityGlobals) = postSolution
		SolutionGuid = {C3F37994-2D5C-4CFD-AFEE-3071CE9D4832}
	EndGlobalSection
EndGlobal
